<?xml version="1.0" encoding="utf-8"?>
<Project ToolsVersion="4.0" xmlns="http://schemas.microsoft.com/developer/msbuild/2003">
  <ItemGroup>
    <Filter Include="소스 파일">
      <UniqueIdentifier>{4FC737F1-C7A5-4376-A066-2A32D752A2FF}</UniqueIdentifier>
      <Extensions>cpp;c;cc;cxx;c++;cppm;ixx;def;odl;idl;hpj;bat;asm;asmx</Extensions>
    </Filter>
    <Filter Include="헤더 파일">
      <UniqueIdentifier>{93995380-89BD-4b04-88EB-625FBE52EBFB}</UniqueIdentifier>
      <Extensions>h;hh;hpp;hxx;h++;hm;inl;inc;ipp;xsd</Extensions>
    </Filter>
    <Filter Include="리소스 파일">
      <UniqueIdentifier>{67DA6AB6-F800-4c08-8B7A-83BB121AAD01}</UniqueIdentifier>
      <Extensions>rc;ico;cur;bmp;dlg;rc2;rct;bin;rgs;gif;jpg;jpeg;jpe;resx;tiff;tif;png;wav;mfcribbon-ms</Extensions>
    </Filter>
    <Filter Include="소스 파일\Scene">
      <UniqueIdentifier>{ac2a046a-d5a0-4e55-8adc-313580f4f8ae}</UniqueIdentifier>
    </Filter>
    <Filter Include="헤더 파일\Scene">
      <UniqueIdentifier>{70037ff0-18dc-4bda-a810-33ae41a50569}</UniqueIdentifier>
    </Filter>
    <Filter Include="헤더 파일\Object">
      <UniqueIdentifier>{a9a53e6b-a56f-432e-b217-3a82640106ea}</UniqueIdentifier>
    </Filter>
    <Filter Include="헤더 파일\Component">
      <UniqueIdentifier>{7204133d-e349-48e2-9563-b961bdb2b218}</UniqueIdentifier>
    </Filter>
    <Filter Include="소스 파일\Object">
      <UniqueIdentifier>{4a857b60-f0a5-4000-b470-c9057b2a8fa6}</UniqueIdentifier>
    </Filter>
    <Filter Include="소스 파일\PlayerStateFSM">
      <UniqueIdentifier>{89e3de31-31ff-443d-a0a8-036e5b7b9c64}</UniqueIdentifier>
    </Filter>
    <Filter Include="헤더 파일\PlayerStateFSM">
      <UniqueIdentifier>{2b031964-e127-4a68-9ca1-f4e4aa05356b}</UniqueIdentifier>
    </Filter>
    <Filter Include="헤더 파일\BossStateFSM">
      <UniqueIdentifier>{2fab9614-61de-43c9-a5b7-4935c2f59ece}</UniqueIdentifier>
    </Filter>
    <Filter Include="소스 파일\BossStateFSM">
      <UniqueIdentifier>{19b75f55-3956-4c18-98e1-bf655c2bace4}</UniqueIdentifier>
    </Filter>
    <Filter Include="소스 파일\Object\UI">
      <UniqueIdentifier>{fbff65fa-c13e-4b32-8d07-9bcdf8e7940d}</UniqueIdentifier>
    </Filter>
    <Filter Include="헤더 파일\Object\UI">
      <UniqueIdentifier>{cd48460f-f0b4-48d1-b193-54391c388579}</UniqueIdentifier>
    </Filter>
    <Filter Include="소스 파일\Object\GameObject">
      <UniqueIdentifier>{8d2e14d3-f6ac-4801-a443-8c7b2426ab19}</UniqueIdentifier>
    </Filter>
    <Filter Include="헤더 파일\Object\GameObject">
      <UniqueIdentifier>{09532741-8c15-49f6-b6ac-31afda2516b8}</UniqueIdentifier>
    </Filter>
  </ItemGroup>
  <ItemGroup>
    <ClInclude Include="GameApp.h">
      <Filter>헤더 파일</Filter>
    </ClInclude>
    <ClInclude Include="InfoScene.h">
      <Filter>헤더 파일\Scene</Filter>
    </ClInclude>
    <ClInclude Include="MenuScene.h">
      <Filter>헤더 파일\Scene</Filter>
    </ClInclude>
    <ClInclude Include="PlayScene.h">
      <Filter>헤더 파일\Scene</Filter>
    </ClInclude>
    <ClInclude Include="AnimationClip.h">
      <Filter>헤더 파일\Component</Filter>
    </ClInclude>
    <ClInclude Include="BoxCollider.h">
      <Filter>헤더 파일\Component</Filter>
    </ClInclude>
    <ClInclude Include="Rigidbody.h">
      <Filter>헤더 파일\Component</Filter>
    </ClInclude>
    <ClInclude Include="Sprite.h">
      <Filter>헤더 파일\Component</Filter>
    </ClInclude>
    <ClInclude Include="Idle.h">
      <Filter>헤더 파일\PlayerStateFSM</Filter>
    </ClInclude>
    <ClInclude Include="BaseState.h">
      <Filter>헤더 파일\PlayerStateFSM</Filter>
    </ClInclude>
    <ClInclude Include="Jump.h">
      <Filter>헤더 파일\PlayerStateFSM</Filter>
    </ClInclude>
    <ClInclude Include="Run.h">
      <Filter>헤더 파일\PlayerStateFSM</Filter>
    </ClInclude>
    <ClInclude Include="Map.h">
      <Filter>헤더 파일\Object</Filter>
    </ClInclude>
    <ClInclude Include="Dash.h">
      <Filter>헤더 파일\PlayerStateFSM</Filter>
    </ClInclude>
    <ClInclude Include="Defense.h">
      <Filter>헤더 파일\PlayerStateFSM</Filter>
    </ClInclude>
    <ClInclude Include="Attack.h">
      <Filter>헤더 파일\PlayerStateFSM</Filter>
    </ClInclude>
    <ClInclude Include="SpecialAttack.h">
      <Filter>헤더 파일\PlayerStateFSM</Filter>
    </ClInclude>
    <ClInclude Include="Hit.h">
      <Filter>헤더 파일\PlayerStateFSM</Filter>
    </ClInclude>
    <ClInclude Include="Die.h">
      <Filter>헤더 파일\PlayerStateFSM</Filter>
    </ClInclude>
    <ClInclude Include="WallSlide.h">
      <Filter>헤더 파일\PlayerStateFSM</Filter>
    </ClInclude>
    <ClInclude Include="WallJump.h">
      <Filter>헤더 파일\PlayerStateFSM</Filter>
    </ClInclude>
    <ClInclude Include="BossBaseState.h">
      <Filter>헤더 파일\BossStateFSM</Filter>
    </ClInclude>
    <ClInclude Include="BossIdle.h">
      <Filter>헤더 파일\BossStateFSM</Filter>
    </ClInclude>
    <ClInclude Include="BossRun.h">
      <Filter>헤더 파일\BossStateFSM</Filter>
    </ClInclude>
    <ClInclude Include="BossJump.h">
      <Filter>헤더 파일\BossStateFSM</Filter>
    </ClInclude>
    <ClInclude Include="BossAttack.h">
      <Filter>헤더 파일\BossStateFSM</Filter>
    </ClInclude>
    <ClInclude Include="BossHit.h">
      <Filter>헤더 파일\BossStateFSM</Filter>
    </ClInclude>
    <ClInclude Include="BossDie.h">
      <Filter>헤더 파일\BossStateFSM</Filter>
    </ClInclude>
    <ClInclude Include="Character.h">
      <Filter>헤더 파일\Object\GameObject</Filter>
    </ClInclude>
    <ClInclude Include="Boss.h">
      <Filter>헤더 파일\Object\GameObject</Filter>
    </ClInclude>
    <ClInclude Include="Player.h">
      <Filter>헤더 파일\Object\GameObject</Filter>
    </ClInclude>
    <ClInclude Include="UI_Image.h">
      <Filter>헤더 파일\Object\UI</Filter>
    </ClInclude>
    <ClInclude Include="UI_Text.h">
      <Filter>헤더 파일\Object\UI</Filter>
    </ClInclude>
    <ClInclude Include="Camera.h">
      <Filter>헤더 파일</Filter>
    </ClInclude>
    <ClInclude Include="UIManager.h">
      <Filter>헤더 파일</Filter>
    </ClInclude>
  </ItemGroup>
  <ItemGroup>
    <ClCompile Include="Game.cpp">
      <Filter>소스 파일</Filter>
    </ClCompile>
    <ClCompile Include="GameApp.cpp">
      <Filter>소스 파일</Filter>
    </ClCompile>
    <ClCompile Include="PlayScene.cpp">
      <Filter>소스 파일\Scene</Filter>
    </ClCompile>
    <ClCompile Include="MenuScene.cpp">
      <Filter>소스 파일\Scene</Filter>
    </ClCompile>
    <ClCompile Include="InfoScene.cpp">
      <Filter>소스 파일\Scene</Filter>
    </ClCompile>
    <ClCompile Include="Idle.cpp">
      <Filter>소스 파일\PlayerStateFSM</Filter>
    </ClCompile>
    <ClCompile Include="Jump.cpp">
      <Filter>소스 파일\PlayerStateFSM</Filter>
    </ClCompile>
    <ClCompile Include="Run.cpp">
      <Filter>소스 파일\PlayerStateFSM</Filter>
    </ClCompile>
    <ClCompile Include="Map.cpp">
      <Filter>소스 파일\Object</Filter>
    </ClCompile>
    <ClCompile Include="Dash.cpp">
      <Filter>소스 파일\PlayerStateFSM</Filter>
    </ClCompile>
    <ClCompile Include="Defense.cpp">
      <Filter>소스 파일\PlayerStateFSM</Filter>
    </ClCompile>
    <ClCompile Include="Attack.cpp">
      <Filter>소스 파일\PlayerStateFSM</Filter>
    </ClCompile>
    <ClCompile Include="SpecialAttack.cpp">
      <Filter>소스 파일\PlayerStateFSM</Filter>
    </ClCompile>
    <ClCompile Include="Hit.cpp">
      <Filter>소스 파일\PlayerStateFSM</Filter>
    </ClCompile>
    <ClCompile Include="Die.cpp">
      <Filter>소스 파일\PlayerStateFSM</Filter>
    </ClCompile>
    <ClCompile Include="WallSlide.cpp">
      <Filter>소스 파일\PlayerStateFSM</Filter>
    </ClCompile>
    <ClCompile Include="WallJump.cpp">
      <Filter>소스 파일\PlayerStateFSM</Filter>
    </ClCompile>
    <ClCompile Include="BossIdle.cpp">
      <Filter>소스 파일\BossStateFSM</Filter>
    </ClCompile>
    <ClCompile Include="BossRun.cpp">
      <Filter>소스 파일\BossStateFSM</Filter>
    </ClCompile>
    <ClCompile Include="BossJump.cpp">
      <Filter>소스 파일\BossStateFSM</Filter>
    </ClCompile>
    <ClCompile Include="BossAttack.cpp">
      <Filter>소스 파일\BossStateFSM</Filter>
    </ClCompile>
    <ClCompile Include="BossHit.cpp">
      <Filter>소스 파일\BossStateFSM</Filter>
    </ClCompile>
    <ClCompile Include="BossDie.cpp">
      <Filter>소스 파일\BossStateFSM</Filter>
    </ClCompile>
    <ClCompile Include="UI_Image.cpp">
      <Filter>소스 파일\Object\UI</Filter>
    </ClCompile>
    <ClCompile Include="UI_Text.cpp">
      <Filter>소스 파일\Object\UI</Filter>
    </ClCompile>
    <ClCompile Include="Boss.cpp">
      <Filter>소스 파일\Object\GameObject</Filter>
    </ClCompile>
    <ClCompile Include="Player.cpp">
      <Filter>소스 파일\Object\GameObject</Filter>
    </ClCompile>
    <ClCompile Include="Character.cpp">
      <Filter>소스 파일\Object\GameObject</Filter>
    </ClCompile>
    <ClCompile Include="Camera.cpp">
      <Filter>소스 파일</Filter>
    </ClCompile>
    <ClCompile Include="UIManager.cpp">
      <Filter>소스 파일</Filter>
    </ClCompile>
  </ItemGroup>
</Project>